
Microsoft Visual Studio Solution File, Format Version 12.00
# Visual Studio Version 16
VisualStudioVersion = 16.0.29926.136
MinimumVisualStudioVersion = 10.0.40219.1
Project("{FAE04EC0-301F-11D3-BF4B-00C04F79EFBC}") = "BuyoutDebt", "BuyoutDebt.csproj", "{16194A67-FEFC-4823-A399-777A6C38DA73}"
EndProject
Global
	GlobalSection(SolutionConfigurationPlatforms) = preSolution
		Debug|Any CPU = Debug|Any CPU
		Release|Any CPU = Release|Any CPU
	EndGlobalSection
	GlobalSection(ProjectConfigurationPlatforms) = postSolution
		{16194A67-FEFC-4823-A399-777A6C38DA73}.Debug|Any CPU.ActiveCfg = Debug|Any CPU
		{16194A67-FEFC-4823-A399-777A6C38DA73}.Debug|Any CPU.Build.0 = Debug|Any CPU
		{16194A67-FEFC-4823-A399-777A6C38DA73}.Release|Any CPU.ActiveCfg = Release|Any CPU
		{16194A67-FEFC-4823-A399-777A6C38DA73}.Release|Any CPU.Build.0 = Release|Any CPU
	EndGlobalSection
	GlobalSection(SolutionProperties) = preSolution
		HideSolutionNode = FALSE
	EndGlobalSection
	GlobalSection(ExtensibilityGlobals) = postSolution
		SolutionGuid = {D6ACDFFB-461D-47AE-950F-88E8CBB08D33}
	EndGlobalSection
EndGlobal
